# This file was autogenerated by Stack.
# You should not edit this file by hand.
# For more information, please see the documentation at:
#   https://docs.haskellstack.org/en/stable/lock_files

packages:
- completed:
    hackage: astar-0.3.0.0@sha256:8bf6350542e9db9451490e8993560ee843dc48a61d46a206985430f9b62461c8,967
    pantry-tree:
      sha256: c4176cc3fc9ad39f2a9fc7eb4346c87b6e60b70ba23d8e2adbdfc81fe544b808
      size: 213
  original:
    hackage: astar-0.3.0.0
- completed:
    hackage: memoize-1.1.1@sha256:d902fc631020d04689aa66e804e13480c0b5ad01a29c12d31a22e2bdb767aba4,2007
    pantry-tree:
      sha256: e31720ad0cdc3a6e7e7f89dd28e39041e737532a9b68ff14cc0038aba451830b
      size: 687
  original:
    hackage: memoize-1.1.1
snapshots:
- completed:
    sha256: b73b2b116143aea728c70e65c3239188998bac5bc3be56465813dacd74215dc5
    size: 648424
    url: https://raw.githubusercontent.com/commercialhaskell/stackage-snapshots/master/lts/20/1.yaml
  original: lts-20.1
